<?xml version="1.0" encoding="utf-8"?>
<Project ToolsVersion="4.0" xmlns="http://schemas.microsoft.com/developer/msbuild/2003">
  <ItemGroup>
    <Filter Include="Classes">
      <UniqueIdentifier>{fc5cb953-2953-4968-83b3-39e3ff951754}</UniqueIdentifier>
    </Filter>
    <Filter Include="win32">
      <UniqueIdentifier>{037a9a02-b906-4cc5-ad98-304acd4e25ee}</UniqueIdentifier>
    </Filter>
    <Filter Include="resource">
      <UniqueIdentifier>{2d1d0979-58cd-4ab6-b91c-13650158f1fa}</UniqueIdentifier>
    </Filter>
    <Filter Include="Classes\MyCC">
      <UniqueIdentifier>{6e4f0ff2-da2c-4c61-a463-cd9f30698b6f}</UniqueIdentifier>
    </Filter>
    <Filter Include="Classes\MyCC\Test">
      <UniqueIdentifier>{aabf3881-a98b-4a29-af77-ed7022c15ffb}</UniqueIdentifier>
    </Filter>
    <Filter Include="Classes\MyCC\Test\TestClipNode">
      <UniqueIdentifier>{6e9f91bc-6cc1-42ba-bf48-ab0a2b3dfc9b}</UniqueIdentifier>
    </Filter>
  </ItemGroup>
  <ItemGroup>
    <ClInclude Include="..\Classes\AppDelegate.h">
      <Filter>Classes</Filter>
    </ClInclude>
    <ClInclude Include="main.h">
      <Filter>win32</Filter>
    </ClInclude>
    <ClInclude Include="resource.h" />
    <ClInclude Include="SimulatorWin.h" />
    <ClInclude Include="stdafx.h">
      <Filter>win32</Filter>
    </ClInclude>
    <ClInclude Include="targetver.h">
      <Filter>win32</Filter>
    </ClInclude>
    <ClInclude Include="..\Classes\ide-support\CodeIDESupport.h">
      <Filter>Classes</Filter>
    </ClInclude>
    <ClInclude Include="..\Classes\ide-support\lua_debugger.h">
      <Filter>Classes</Filter>
    </ClInclude>
    <ClInclude Include="..\Classes\ide-support\RuntimeLuaImpl.h">
      <Filter>Classes</Filter>
    </ClInclude>
    <ClInclude Include="..\Classes\MyCC\Test\TestClipNode\TestClipNode.h" />
    <ClInclude Include="..\Classes\MyCC\Test\TestMain.h" />
  </ItemGroup>
  <ItemGroup>
    <ClCompile Include="..\Classes\AppDelegate.cpp">
      <Filter>Classes</Filter>
    </ClCompile>
    <ClCompile Include="main.cpp">
      <Filter>win32</Filter>
    </ClCompile>
    <ClCompile Include="SimulatorWin.cpp" />
    <ClCompile Include="stdafx.cpp">
      <Filter>win32</Filter>
    </ClCompile>
    <ClCompile Include="..\Classes\ide-support\lua_debugger.c">
      <Filter>Classes</Filter>
    </ClCompile>
    <ClCompile Include="..\Classes\ide-support\RuntimeLuaImpl.cpp">
      <Filter>Classes</Filter>
    </ClCompile>
    <ClCompile Include="..\Classes\MyCC\Test\TestClipNode\TestClipNode.cpp" />
    <ClCompile Include="..\Classes\MyCC\Test\TestMain.cpp" />
  </ItemGroup>
  <ItemGroup>
    <ResourceCompile Include="game.rc">
      <Filter>resource</Filter>
    </ResourceCompile>
  </ItemGroup>
  <ItemGroup>
    <Image Include="res\game.ico" />
  </ItemGroup>
</Project>